
Microsoft Visual Studio Solution File, Format Version 12.00
# Visual Studio Version 17
VisualStudioVersion = 17.9.34728.123
MinimumVisualStudioVersion = 10.0.40219.1
Project("{9A19103F-16F7-4668-BE54-9A1E7A4F7556}") = "ComputerStore", "ComputerStore.csproj", "{7301E2B2-DFE2-460C-B93A-FCB32B54EEF3}"
EndProject
Project("{FAE04EC0-301F-11D3-BF4B-00C04F79EFBC}") = "ComputerStore.Test", "..\ComputerStore.Test\ComputerStore.Test.csproj", "{2D62421C-53FC-4F3A-AF36-4AC2C304FEDF}"
	ProjectSection(ProjectDependencies) = postProject
		{7301E2B2-DFE2-460C-B93A-FCB32B54EEF3} = {7301E2B2-DFE2-460C-B93A-FCB32B54EEF3}
	EndProjectSection
EndProject
Global
	GlobalSection(SolutionConfigurationPlatforms) = preSolution
		Debug|Any CPU = Debug|Any CPU
		Release|Any CPU = Release|Any CPU
	EndGlobalSection
	GlobalSection(ProjectConfigurationPlatforms) = postSolution
		{7301E2B2-DFE2-460C-B93A-FCB32B54EEF3}.Debug|Any CPU.ActiveCfg = Debug|Any CPU
		{7301E2B2-DFE2-460C-B93A-FCB32B54EEF3}.Debug|Any CPU.Build.0 = Debug|Any CPU
		{7301E2B2-DFE2-460C-B93A-FCB32B54EEF3}.Release|Any CPU.ActiveCfg = Release|Any CPU
		{7301E2B2-DFE2-460C-B93A-FCB32B54EEF3}.Release|Any CPU.Build.0 = Release|Any CPU
		{2D62421C-53FC-4F3A-AF36-4AC2C304FEDF}.Debug|Any CPU.ActiveCfg = Debug|Any CPU
		{2D62421C-53FC-4F3A-AF36-4AC2C304FEDF}.Debug|Any CPU.Build.0 = Debug|Any CPU
		{2D62421C-53FC-4F3A-AF36-4AC2C304FEDF}.Release|Any CPU.ActiveCfg = Release|Any CPU
		{2D62421C-53FC-4F3A-AF36-4AC2C304FEDF}.Release|Any CPU.Build.0 = Release|Any CPU
	EndGlobalSection
	GlobalSection(SolutionProperties) = preSolution
		HideSolutionNode = FALSE
	EndGlobalSection
	GlobalSection(ExtensibilityGlobals) = postSolution
		SolutionGuid = {29CF1823-DE8A-4F0A-9702-CCC0D5E1210D}
	EndGlobalSection
EndGlobal
